
Microsoft Visual Studio Solution File, Format Version 12.00
# Visual Studio Version 17
VisualStudioVersion = 17.8.34330.188
MinimumVisualStudioVersion = 10.0.40219.1
Project("{9A19103F-16F7-4668-BE54-9A1E7A4F7556}") = "Web", "Web\Web.csproj", "{C76EE086-2F59-459D-95F2-B02F2C6C7DCA}"
EndProject
Project("{9A19103F-16F7-4668-BE54-9A1E7A4F7556}") = "Core", "Core\Core.csproj", "{09ABB525-1A77-44EF-9AD1-A621F1C115D6}"
EndProject
Project("{FAE04EC0-301F-11D3-BF4B-00C04F79EFBC}") = "Business", "Business\Business.csproj", "{A0356FEB-C1FD-4BF6-BEDD-140148D8E521}"
EndProject
Global
	GlobalSection(SolutionConfigurationPlatforms) = preSolution
		Debug|Any CPU = Debug|Any CPU
		Release|Any CPU = Release|Any CPU
	EndGlobalSection
	GlobalSection(ProjectConfigurationPlatforms) = postSolution
		{C76EE086-2F59-459D-95F2-B02F2C6C7DCA}.Debug|Any CPU.ActiveCfg = Debug|Any CPU
		{C76EE086-2F59-459D-95F2-B02F2C6C7DCA}.Debug|Any CPU.Build.0 = Debug|Any CPU
		{C76EE086-2F59-459D-95F2-B02F2C6C7DCA}.Release|Any CPU.ActiveCfg = Release|Any CPU
		{C76EE086-2F59-459D-95F2-B02F2C6C7DCA}.Release|Any CPU.Build.0 = Release|Any CPU
		{09ABB525-1A77-44EF-9AD1-A621F1C115D6}.Debug|Any CPU.ActiveCfg = Debug|Any CPU
		{09ABB525-1A77-44EF-9AD1-A621F1C115D6}.Debug|Any CPU.Build.0 = Debug|Any CPU
		{09ABB525-1A77-44EF-9AD1-A621F1C115D6}.Release|Any CPU.ActiveCfg = Release|Any CPU
		{09ABB525-1A77-44EF-9AD1-A621F1C115D6}.Release|Any CPU.Build.0 = Release|Any CPU
		{A0356FEB-C1FD-4BF6-BEDD-140148D8E521}.Debug|Any CPU.ActiveCfg = Debug|Any CPU
		{A0356FEB-C1FD-4BF6-BEDD-140148D8E521}.Debug|Any CPU.Build.0 = Debug|Any CPU
		{A0356FEB-C1FD-4BF6-BEDD-140148D8E521}.Release|Any CPU.ActiveCfg = Release|Any CPU
		{A0356FEB-C1FD-4BF6-BEDD-140148D8E521}.Release|Any CPU.Build.0 = Release|Any CPU
	EndGlobalSection
	GlobalSection(SolutionProperties) = preSolution
		HideSolutionNode = FALSE
	EndGlobalSection
	GlobalSection(ExtensibilityGlobals) = postSolution
		SolutionGuid = {738F38FE-3388-44CE-81FC-EFD24B3DBA05}
	EndGlobalSection
EndGlobal
